
Microsoft Visual Studio Solution File, Format Version 12.00
# Visual Studio Version 17
VisualStudioVersion = 17.0.32126.317
MinimumVisualStudioVersion = 10.0.40219.1
Project("{FAE04EC0-301F-11D3-BF4B-00C04F79EFBC}") = "ConcertTickets", "ConcertTickets\ConcertTickets.csproj", "{193769FC-3C9C-4334-AA2D-A48297944CA6}"
EndProject
Global
	GlobalSection(SolutionConfigurationPlatforms) = preSolution
		Debug|Any CPU = Debug|Any CPU
		Release|Any CPU = Release|Any CPU
	EndGlobalSection
	GlobalSection(ProjectConfigurationPlatforms) = postSolution
		{193769FC-3C9C-4334-AA2D-A48297944CA6}.Debug|Any CPU.ActiveCfg = Debug|Any CPU
		{193769FC-3C9C-4334-AA2D-A48297944CA6}.Debug|Any CPU.Build.0 = Debug|Any CPU
		{193769FC-3C9C-4334-AA2D-A48297944CA6}.Release|Any CPU.ActiveCfg = Release|Any CPU
		{193769FC-3C9C-4334-AA2D-A48297944CA6}.Release|Any CPU.Build.0 = Release|Any CPU
	EndGlobalSection
	GlobalSection(SolutionProperties) = preSolution
		HideSolutionNode = FALSE
	EndGlobalSection
	GlobalSection(ExtensibilityGlobals) = postSolution
		SolutionGuid = {75246843-2F04-43C6-85A6-35231FCDC004}
	EndGlobalSection
EndGlobal
